%{
  "credence": {:hex, :credence, "0.8.1", "ed6a711752da643d288c47413997798bbb99f3845403f96bd393568d57b26416", [:mix], [{:sourceror, "~> 1.11", [hex: :sourceror, repo: "hexpm", optional: false]}], "hexpm", "76d2d627d0167c447a8927a72f4bdc50376de7da8bb6871505f08febe7333751"},
  "jason": {:hex, :jason, "1.4.5", "2e3a008590b0b8d7388c20293e9dcc9cf3e5d642fd2a114e4cbbb52e595d940a", [:mix], [{:decimal, "~> 1.0 or ~> 2.0 or ~> 3.0", [hex: :decimal, repo: "hexpm", optional: true]}], "hexpm", "b0c823996102bcd0239b3c2444eb00409b72f6a140c1950bc8b457d836b30684"},
  "sourceror": {:hex, :sourceror, "1.12.2", "85bfd48159f020c0cbfc72f289f11456fdc05dc43719b6f2589fb969faefa113", [:mix], [], "hexpm", "da37d3da09c5b890528802c7056a8f585a061973820d7656b6e3649c14f0e9cb"},
}
